
Microsoft Visual Studio Solution File, Format Version 12.00
# Visual Studio Version 17
VisualStudioVersion = 17.9.34723.18
MinimumVisualStudioVersion = 10.0.40219.1
Project("{FAE04EC0-301F-11D3-BF4B-00C04F79EFBC}") = "WebTaskManager", "WebTaskManager\WebTaskManager.csproj", "{A726A207-DF0D-4C59-A559-AFB01D6E1DFF}"
EndProject
Global
	GlobalSection(SolutionConfigurationPlatforms) = preSolution
		Debug|Any CPU = Debug|Any CPU
		Release|Any CPU = Release|Any CPU
	EndGlobalSection
	GlobalSection(ProjectConfigurationPlatforms) = postSolution
		{A726A207-DF0D-4C59-A559-AFB01D6E1DFF}.Debug|Any CPU.ActiveCfg = Debug|Any CPU
		{A726A207-DF0D-4C59-A559-AFB01D6E1DFF}.Debug|Any CPU.Build.0 = Debug|Any CPU
		{A726A207-DF0D-4C59-A559-AFB01D6E1DFF}.Release|Any CPU.ActiveCfg = Release|Any CPU
		{A726A207-DF0D-4C59-A559-AFB01D6E1DFF}.Release|Any CPU.Build.0 = Release|Any CPU
	EndGlobalSection
	GlobalSection(SolutionProperties) = preSolution
		HideSolutionNode = FALSE
	EndGlobalSection
	GlobalSection(ExtensibilityGlobals) = postSolution
		SolutionGuid = {FE44BCFC-F1F4-4D33-AD01-6E57A767A7A5}
	EndGlobalSection
EndGlobal
